
Microsoft Visual Studio Solution File, Format Version 12.00
# Visual Studio Version 17
VisualStudioVersion = 17.6.33829.357
MinimumVisualStudioVersion = 10.0.40219.1
Project("{FAE04EC0-301F-11D3-BF4B-00C04F79EFBC}") = "ExaEstructuras", "ExaEstructuras\ExaEstructuras.csproj", "{26DDBEDE-4938-4184-85A9-E835069D8A63}"
EndProject
Global
	GlobalSection(SolutionConfigurationPlatforms) = preSolution
		Debug|Any CPU = Debug|Any CPU
		Release|Any CPU = Release|Any CPU
	EndGlobalSection
	GlobalSection(ProjectConfigurationPlatforms) = postSolution
		{26DDBEDE-4938-4184-85A9-E835069D8A63}.Debug|Any CPU.ActiveCfg = Debug|Any CPU
		{26DDBEDE-4938-4184-85A9-E835069D8A63}.Debug|Any CPU.Build.0 = Debug|Any CPU
		{26DDBEDE-4938-4184-85A9-E835069D8A63}.Release|Any CPU.ActiveCfg = Release|Any CPU
		{26DDBEDE-4938-4184-85A9-E835069D8A63}.Release|Any CPU.Build.0 = Release|Any CPU
	EndGlobalSection
	GlobalSection(SolutionProperties) = preSolution
		HideSolutionNode = FALSE
	EndGlobalSection
	GlobalSection(ExtensibilityGlobals) = postSolution
		SolutionGuid = {B223D915-6F2F-466E-9505-618E9377989C}
	EndGlobalSection
EndGlobal
